
Microsoft Visual Studio Solution File, Format Version 12.00
# Visual Studio Version 17
VisualStudioVersion = 17.8.34322.80
MinimumVisualStudioVersion = 10.0.40219.1
Project("{9A19103F-16F7-4668-BE54-9A1E7A4F7556}") = "ListCriar", "ListCsharp\ListCriar.csproj", "{1AC75C74-85ED-4FB6-AFC0-8C826436B9E9}"
EndProject
Project("{9A19103F-16F7-4668-BE54-9A1E7A4F7556}") = "ListRemoveIncluir", "List2\ListRemoveIncluir.csproj", "{F5414AF3-B663-4E87-8FD1-E95DC418D250}"
EndProject
Project("{9A19103F-16F7-4668-BE54-9A1E7A4F7556}") = "ExpressaoLambda_Find", "ExpressaoLambda\ExpressaoLambda_Find.csproj", "{6B3464F7-E403-4FE7-99DC-5EF0EC9CE8A7}"
EndProject
Project("{9A19103F-16F7-4668-BE54-9A1E7A4F7556}") = "ToList_IEnumerable", "ToList_IEnumerable\ToList_IEnumerable.csproj", "{F9940488-3E9C-492A-B9E2-C251A3B5A92F}"
EndProject
Project("{9A19103F-16F7-4668-BE54-9A1E7A4F7556}") = "ExercicioTolistAlunos", "ExercicioTolistAlunos\ExercicioTolistAlunos.csproj", "{C9EAE59F-682B-457A-A058-A9A691805A5E}"
EndProject
Global
	GlobalSection(SolutionConfigurationPlatforms) = preSolution
		Debug|Any CPU = Debug|Any CPU
		Release|Any CPU = Release|Any CPU
	EndGlobalSection
	GlobalSection(ProjectConfigurationPlatforms) = postSolution
		{1AC75C74-85ED-4FB6-AFC0-8C826436B9E9}.Debug|Any CPU.ActiveCfg = Debug|Any CPU
		{1AC75C74-85ED-4FB6-AFC0-8C826436B9E9}.Debug|Any CPU.Build.0 = Debug|Any CPU
		{1AC75C74-85ED-4FB6-AFC0-8C826436B9E9}.Release|Any CPU.ActiveCfg = Release|Any CPU
		{1AC75C74-85ED-4FB6-AFC0-8C826436B9E9}.Release|Any CPU.Build.0 = Release|Any CPU
		{F5414AF3-B663-4E87-8FD1-E95DC418D250}.Debug|Any CPU.ActiveCfg = Debug|Any CPU
		{F5414AF3-B663-4E87-8FD1-E95DC418D250}.Debug|Any CPU.Build.0 = Debug|Any CPU
		{F5414AF3-B663-4E87-8FD1-E95DC418D250}.Release|Any CPU.ActiveCfg = Release|Any CPU
		{F5414AF3-B663-4E87-8FD1-E95DC418D250}.Release|Any CPU.Build.0 = Release|Any CPU
		{6B3464F7-E403-4FE7-99DC-5EF0EC9CE8A7}.Debug|Any CPU.ActiveCfg = Debug|Any CPU
		{6B3464F7-E403-4FE7-99DC-5EF0EC9CE8A7}.Debug|Any CPU.Build.0 = Debug|Any CPU
		{6B3464F7-E403-4FE7-99DC-5EF0EC9CE8A7}.Release|Any CPU.ActiveCfg = Release|Any CPU
		{6B3464F7-E403-4FE7-99DC-5EF0EC9CE8A7}.Release|Any CPU.Build.0 = Release|Any CPU
		{F9940488-3E9C-492A-B9E2-C251A3B5A92F}.Debug|Any CPU.ActiveCfg = Debug|Any CPU
		{F9940488-3E9C-492A-B9E2-C251A3B5A92F}.Debug|Any CPU.Build.0 = Debug|Any CPU
		{F9940488-3E9C-492A-B9E2-C251A3B5A92F}.Release|Any CPU.ActiveCfg = Release|Any CPU
		{F9940488-3E9C-492A-B9E2-C251A3B5A92F}.Release|Any CPU.Build.0 = Release|Any CPU
		{C9EAE59F-682B-457A-A058-A9A691805A5E}.Debug|Any CPU.ActiveCfg = Debug|Any CPU
		{C9EAE59F-682B-457A-A058-A9A691805A5E}.Debug|Any CPU.Build.0 = Debug|Any CPU
		{C9EAE59F-682B-457A-A058-A9A691805A5E}.Release|Any CPU.ActiveCfg = Release|Any CPU
		{C9EAE59F-682B-457A-A058-A9A691805A5E}.Release|Any CPU.Build.0 = Release|Any CPU
	EndGlobalSection
	GlobalSection(SolutionProperties) = preSolution
		HideSolutionNode = FALSE
	EndGlobalSection
	GlobalSection(ExtensibilityGlobals) = postSolution
		SolutionGuid = {331CADE6-D3EF-4FE3-A5E0-FA58766C74E8}
	EndGlobalSection
EndGlobal
